
Microsoft Visual Studio Solution File, Format Version 12.00
# Visual Studio Version 17
VisualStudioVersion = 17.14.36310.24 d17.14
MinimumVisualStudioVersion = 10.0.40219.1
Project("{FAE04EC0-301F-11D3-BF4B-00C04F79EFBC}") = "Task02", "Task02.csproj", "{841A3260-0A9D-4E45-B73C-7DE1A55D251B}"
EndProject
Global
	GlobalSection(SolutionConfigurationPlatforms) = preSolution
		Debug|Any CPU = Debug|Any CPU
		Release|Any CPU = Release|Any CPU
	EndGlobalSection
	GlobalSection(ProjectConfigurationPlatforms) = postSolution
		{841A3260-0A9D-4E45-B73C-7DE1A55D251B}.Debug|Any CPU.ActiveCfg = Debug|Any CPU
		{841A3260-0A9D-4E45-B73C-7DE1A55D251B}.Debug|Any CPU.Build.0 = Debug|Any CPU
		{841A3260-0A9D-4E45-B73C-7DE1A55D251B}.Release|Any CPU.ActiveCfg = Release|Any CPU
		{841A3260-0A9D-4E45-B73C-7DE1A55D251B}.Release|Any CPU.Build.0 = Release|Any CPU
	EndGlobalSection
	GlobalSection(SolutionProperties) = preSolution
		HideSolutionNode = FALSE
	EndGlobalSection
	GlobalSection(ExtensibilityGlobals) = postSolution
		SolutionGuid = {541A608E-90A2-4C4A-A815-1EA0FDE9C8AB}
	EndGlobalSection
EndGlobal
